
Microsoft Visual Studio Solution File, Format Version 12.00
# Visual Studio 15
VisualStudioVersion = 15.0.28307.572
MinimumVisualStudioVersion = 10.0.40219.1
Project("{8BC9CEB8-8B4A-11D0-8D11-00A0C91BC942}") = "CiaoUE_Delegate", "CiaoUE_Delegate\CiaoUE_Delegate.vcxproj", "{10F8A576-49DC-4320-A37A-0B9457B26C64}"
EndProject
Global
	GlobalSection(SolutionConfigurationPlatforms) = preSolution
		Debug|x64 = Debug|x64
		Debug|x86 = Debug|x86
		Release|x64 = Release|x64
		Release|x86 = Release|x86
	EndGlobalSection
	GlobalSection(ProjectConfigurationPlatforms) = postSolution
		{10F8A576-49DC-4320-A37A-0B9457B26C64}.Debug|x64.ActiveCfg = Debug|x64
		{10F8A576-49DC-4320-A37A-0B9457B26C64}.Debug|x64.Build.0 = Debug|x64
		{10F8A576-49DC-4320-A37A-0B9457B26C64}.Debug|x86.ActiveCfg = Debug|Win32
		{10F8A576-49DC-4320-A37A-0B9457B26C64}.Debug|x86.Build.0 = Debug|Win32
		{10F8A576-49DC-4320-A37A-0B9457B26C64}.Release|x64.ActiveCfg = Release|x64
		{10F8A576-49DC-4320-A37A-0B9457B26C64}.Release|x64.Build.0 = Release|x64
		{10F8A576-49DC-4320-A37A-0B9457B26C64}.Release|x86.ActiveCfg = Release|Win32
		{10F8A576-49DC-4320-A37A-0B9457B26C64}.Release|x86.Build.0 = Release|Win32
	EndGlobalSection
	GlobalSection(SolutionProperties) = preSolution
		HideSolutionNode = FALSE
	EndGlobalSection
	GlobalSection(ExtensibilityGlobals) = postSolution
		SolutionGuid = {B57C772C-94AC-4136-8F38-8AC23231CCF1}
	EndGlobalSection
EndGlobal
